
Microsoft Visual Studio Solution File, Format Version 12.00
# Visual Studio Version 17
VisualStudioVersion = 17.0.31903.59
MinimumVisualStudioVersion = 10.0.40219.1
Project("{2150E333-8FDC-42A3-9474-1A3956D46DE8}") = "src", "src", "{1EE3296C-698A-4C18-89CA-FAB98D6A460D}"
EndProject
Project("{2150E333-8FDC-42A3-9474-1A3956D46DE8}") = "Dev2C2P.Services", "Dev2C2P.Services", "{CE4AA48B-840E-4D33-B10D-CBAA0087AB90}"
EndProject
Project("{2150E333-8FDC-42A3-9474-1A3956D46DE8}") = "Platform", "Platform", "{7B90E1EF-FD90-42CB-8C44-FE8007F90786}"
EndProject
Project("{FAE04EC0-301F-11D3-BF4B-00C04F79EFBC}") = "Platform.API", "src\Dev2C2P.Services\Platform\Platform.API\Platform.API.csproj", "{04872D1F-B77F-4C9A-9634-787800528A36}"
EndProject
Project("{FAE04EC0-301F-11D3-BF4B-00C04F79EFBC}") = "Platform.Application", "src\Dev2C2P.Services\Platform\Platform.Application\Platform.Application.csproj", "{4B59E251-D93D-4DCF-937B-E9D89BC932CA}"
EndProject
Project("{FAE04EC0-301F-11D3-BF4B-00C04F79EFBC}") = "Platform.Common", "src\Dev2C2P.Services\Platform\Platform.Common\Platform.Common.csproj", "{3022B7EA-97AC-4AE6-9D26-C7C9C52B7D5D}"
EndProject
Project("{FAE04EC0-301F-11D3-BF4B-00C04F79EFBC}") = "Platform.Contracts", "src\Dev2C2P.Services\Platform\Platform.Contracts\Platform.Contracts.csproj", "{9571F315-AF53-4814-A6BB-CE79505EDB61}"
EndProject
Project("{FAE04EC0-301F-11D3-BF4B-00C04F79EFBC}") = "Platform.Domain", "src\Dev2C2P.Services\Platform\Platform.Domain\Platform.Domain.csproj", "{CD9E697B-2A1A-44BE-80FD-51D81D11ABCC}"
EndProject
Project("{FAE04EC0-301F-11D3-BF4B-00C04F79EFBC}") = "Platform.Infrastructure", "src\Dev2C2P.Services\Platform\Platform.Infrastructure\Platform.Infrastructure.csproj", "{7DC58009-7C26-482B-9E97-D43E58C2E919}"
EndProject
Project("{2150E333-8FDC-42A3-9474-1A3956D46DE8}") = "test", "test", "{0275FC2F-0DA1-478D-B950-55AD0212D343}"
EndProject
Project("{2150E333-8FDC-42A3-9474-1A3956D46DE8}") = "Dev2C2P.Services", "Dev2C2P.Services", "{46A9DF7F-119A-4435-A5A0-327017B43F5E}"
EndProject
Project("{FAE04EC0-301F-11D3-BF4B-00C04F79EFBC}") = "Platform.Tests", "test\Dev2C2P.Services\Platform.Tests\Platform.Tests.csproj", "{D5F9E835-0E5B-4127-A468-FA057859282B}"
EndProject
Global
	GlobalSection(SolutionConfigurationPlatforms) = preSolution
		Debug|Any CPU = Debug|Any CPU
		Release|Any CPU = Release|Any CPU
	EndGlobalSection
	GlobalSection(SolutionProperties) = preSolution
		HideSolutionNode = FALSE
	EndGlobalSection
	GlobalSection(ProjectConfigurationPlatforms) = postSolution
		{04872D1F-B77F-4C9A-9634-787800528A36}.Debug|Any CPU.ActiveCfg = Debug|Any CPU
		{04872D1F-B77F-4C9A-9634-787800528A36}.Debug|Any CPU.Build.0 = Debug|Any CPU
		{04872D1F-B77F-4C9A-9634-787800528A36}.Release|Any CPU.ActiveCfg = Release|Any CPU
		{04872D1F-B77F-4C9A-9634-787800528A36}.Release|Any CPU.Build.0 = Release|Any CPU
		{3022B7EA-97AC-4AE6-9D26-C7C9C52B7D5D}.Debug|Any CPU.ActiveCfg = Debug|Any CPU
		{3022B7EA-97AC-4AE6-9D26-C7C9C52B7D5D}.Debug|Any CPU.Build.0 = Debug|Any CPU
		{3022B7EA-97AC-4AE6-9D26-C7C9C52B7D5D}.Release|Any CPU.ActiveCfg = Release|Any CPU
		{3022B7EA-97AC-4AE6-9D26-C7C9C52B7D5D}.Release|Any CPU.Build.0 = Release|Any CPU
		{CD9E697B-2A1A-44BE-80FD-51D81D11ABCC}.Debug|Any CPU.ActiveCfg = Debug|Any CPU
		{CD9E697B-2A1A-44BE-80FD-51D81D11ABCC}.Debug|Any CPU.Build.0 = Debug|Any CPU
		{CD9E697B-2A1A-44BE-80FD-51D81D11ABCC}.Release|Any CPU.ActiveCfg = Release|Any CPU
		{CD9E697B-2A1A-44BE-80FD-51D81D11ABCC}.Release|Any CPU.Build.0 = Release|Any CPU
		{4B59E251-D93D-4DCF-937B-E9D89BC932CA}.Debug|Any CPU.ActiveCfg = Debug|Any CPU
		{4B59E251-D93D-4DCF-937B-E9D89BC932CA}.Debug|Any CPU.Build.0 = Debug|Any CPU
		{4B59E251-D93D-4DCF-937B-E9D89BC932CA}.Release|Any CPU.ActiveCfg = Release|Any CPU
		{4B59E251-D93D-4DCF-937B-E9D89BC932CA}.Release|Any CPU.Build.0 = Release|Any CPU
		{7DC58009-7C26-482B-9E97-D43E58C2E919}.Debug|Any CPU.ActiveCfg = Debug|Any CPU
		{7DC58009-7C26-482B-9E97-D43E58C2E919}.Debug|Any CPU.Build.0 = Debug|Any CPU
		{7DC58009-7C26-482B-9E97-D43E58C2E919}.Release|Any CPU.ActiveCfg = Release|Any CPU
		{7DC58009-7C26-482B-9E97-D43E58C2E919}.Release|Any CPU.Build.0 = Release|Any CPU
		{9571F315-AF53-4814-A6BB-CE79505EDB61}.Debug|Any CPU.ActiveCfg = Debug|Any CPU
		{9571F315-AF53-4814-A6BB-CE79505EDB61}.Debug|Any CPU.Build.0 = Debug|Any CPU
		{9571F315-AF53-4814-A6BB-CE79505EDB61}.Release|Any CPU.ActiveCfg = Release|Any CPU
		{9571F315-AF53-4814-A6BB-CE79505EDB61}.Release|Any CPU.Build.0 = Release|Any CPU
		{D5F9E835-0E5B-4127-A468-FA057859282B}.Debug|Any CPU.ActiveCfg = Debug|Any CPU
		{D5F9E835-0E5B-4127-A468-FA057859282B}.Debug|Any CPU.Build.0 = Debug|Any CPU
		{D5F9E835-0E5B-4127-A468-FA057859282B}.Release|Any CPU.ActiveCfg = Release|Any CPU
		{D5F9E835-0E5B-4127-A468-FA057859282B}.Release|Any CPU.Build.0 = Release|Any CPU
	EndGlobalSection
	GlobalSection(NestedProjects) = preSolution
		{CE4AA48B-840E-4D33-B10D-CBAA0087AB90} = {1EE3296C-698A-4C18-89CA-FAB98D6A460D}
		{7B90E1EF-FD90-42CB-8C44-FE8007F90786} = {CE4AA48B-840E-4D33-B10D-CBAA0087AB90}
		{04872D1F-B77F-4C9A-9634-787800528A36} = {7B90E1EF-FD90-42CB-8C44-FE8007F90786}
		{3022B7EA-97AC-4AE6-9D26-C7C9C52B7D5D} = {7B90E1EF-FD90-42CB-8C44-FE8007F90786}
		{CD9E697B-2A1A-44BE-80FD-51D81D11ABCC} = {7B90E1EF-FD90-42CB-8C44-FE8007F90786}
		{4B59E251-D93D-4DCF-937B-E9D89BC932CA} = {7B90E1EF-FD90-42CB-8C44-FE8007F90786}
		{7DC58009-7C26-482B-9E97-D43E58C2E919} = {7B90E1EF-FD90-42CB-8C44-FE8007F90786}
		{9571F315-AF53-4814-A6BB-CE79505EDB61} = {7B90E1EF-FD90-42CB-8C44-FE8007F90786}
		{46A9DF7F-119A-4435-A5A0-327017B43F5E} = {0275FC2F-0DA1-478D-B950-55AD0212D343}
		{D5F9E835-0E5B-4127-A468-FA057859282B} = {46A9DF7F-119A-4435-A5A0-327017B43F5E}
	EndGlobalSection
EndGlobal
